<?xml version="1.0" encoding="utf-8"?>
<Project ToolsVersion="4.0" xmlns="http://schemas.microsoft.com/developer/msbuild/2003">
  <ItemGroup>
    <Filter Include="Source Files">
      <UniqueIdentifier>{4FC737F1-C7A5-4376-A066-2A32D752A2FF}</UniqueIdentifier>
      <Extensions>cpp;c;cc;cxx;c++;cppm;ixx;def;odl;idl;hpj;bat;asm;asmx</Extensions>
    </Filter>
    <Filter Include="Header Files">
      <UniqueIdentifier>{93995380-89BD-4b04-88EB-625FBE52EBFB}</UniqueIdentifier>
      <Extensions>h;hh;hpp;hxx;h++;hm;inl;inc;ipp;xsd</Extensions>
    </Filter>
    <Filter Include="Resource Files">
      <UniqueIdentifier>{67DA6AB6-F800-4c08-8B7A-83BB121AAD01}</UniqueIdentifier>
      <Extensions>rc;ico;cur;bmp;dlg;rc2;rct;bin;rgs;gif;jpg;jpeg;jpe;resx;tiff;tif;png;wav;mfcribbon-ms</Extensions>
    </Filter>
    <Filter Include="Source Files\Exercises">
      <UniqueIdentifier>{a1275bbd-ef24-4ae0-9268-d832d06d3b7a}</UniqueIdentifier>
    </Filter>
    <Filter Include="Source Files\Exercises\HelloTriangle">
      <UniqueIdentifier>{983ddadf-9605-4092-8e3e-c2880a591251}</UniqueIdentifier>
    </Filter>
    <Filter Include="Source Files\Exercises\Shaders">
      <UniqueIdentifier>{ff45df11-8081-4142-957d-9ff31e0041e6}</UniqueIdentifier>
    </Filter>
  </ItemGroup>
  <ItemGroup>
    <ClCompile Include="Exercises\HelloTriangle\Main.cpp">
      <Filter>Source Files\Exercises\HelloTriangle</Filter>
    </ClCompile>
    <ClCompile Include="Exercises\Shaders\Main.cpp">
      <Filter>Source Files\Exercises\Shaders</Filter>
    </ClCompile>
    <ClCompile Include="Exercises\HelloTriangle\glad.c">
      <Filter>Source Files</Filter>
    </ClCompile>
    <ClCompile Include="Exercises\Shaders\glad.c">
      <Filter>Source Files</Filter>
    </ClCompile>
    <ClCompile Include="Exercises\Textures\Ex12\glad.c">
      <Filter>Source Files</Filter>
    </ClCompile>
    <ClCompile Include="Exercises\Textures\Ex12\Main.cpp">
      <Filter>Source Files</Filter>
    </ClCompile>
    <ClCompile Include="Exercises\Textures\Ex12\stb_image.cpp">
      <Filter>Source Files</Filter>
    </ClCompile>
    <ClCompile Include="Exercises\Textures\Ex3\glad.c">
      <Filter>Source Files</Filter>
    </ClCompile>
    <ClCompile Include="Exercises\Textures\Ex3\Main.cpp">
      <Filter>Source Files</Filter>
    </ClCompile>
    <ClCompile Include="Exercises\Textures\Ex3\stb_image.cpp">
      <Filter>Source Files</Filter>
    </ClCompile>
    <ClCompile Include="Exercises\Textures\Ex4\glad.c">
      <Filter>Source Files</Filter>
    </ClCompile>
    <ClCompile Include="Exercises\Textures\Ex4\Main.cpp">
      <Filter>Source Files</Filter>
    </ClCompile>
    <ClCompile Include="Exercises\Textures\Ex4\stb_image.cpp">
      <Filter>Source Files</Filter>
    </ClCompile>
    <ClCompile Include="Exercises\Transformations\Ex1\glad.c">
      <Filter>Source Files</Filter>
    </ClCompile>
    <ClCompile Include="Exercises\Transformations\Ex1\Main.cpp">
      <Filter>Source Files</Filter>
    </ClCompile>
    <ClCompile Include="Exercises\Transformations\Ex1\stb_image.cpp">
      <Filter>Source Files</Filter>
    </ClCompile>
    <ClCompile Include="Exercises\Transformations\Ex2\glad.c">
      <Filter>Source Files</Filter>
    </ClCompile>
    <ClCompile Include="Exercises\Transformations\Ex2\Main.cpp">
      <Filter>Source Files</Filter>
    </ClCompile>
    <ClCompile Include="Exercises\Transformations\Ex2\stb_image.cpp">
      <Filter>Source Files</Filter>
    </ClCompile>
    <ClCompile Include="Exercises\Coordinate-Systems\glad.c">
      <Filter>Source Files</Filter>
    </ClCompile>
    <ClCompile Include="Exercises\Coordinate-Systems\Main.cpp">
      <Filter>Source Files</Filter>
    </ClCompile>
    <ClCompile Include="Exercises\Coordinate-Systems\stb_image.cpp">
      <Filter>Source Files</Filter>
    </ClCompile>
    <ClCompile Include="Exercises\Camera\Ex1\glad.c">
      <Filter>Source Files</Filter>
    </ClCompile>
    <ClCompile Include="Exercises\Camera\Ex1\Main.cpp">
      <Filter>Source Files</Filter>
    </ClCompile>
    <ClCompile Include="Exercises\Camera\Ex1\stb_image.cpp">
      <Filter>Source Files</Filter>
    </ClCompile>
    <ClCompile Include="Exercises\Camera\Ex2\glad.c">
      <Filter>Source Files</Filter>
    </ClCompile>
    <ClCompile Include="Exercises\Camera\Ex2\Main.cpp">
      <Filter>Source Files</Filter>
    </ClCompile>
    <ClCompile Include="Exercises\Camera\Ex2\stb_image.cpp">
      <Filter>Source Files</Filter>
    </ClCompile>
    <ClCompile Include="Exercises\Basic-lighting\Ex12\glad.c">
      <Filter>Source Files</Filter>
    </ClCompile>
    <ClCompile Include="Exercises\Basic-lighting\Ex12\Main.cpp">
      <Filter>Source Files</Filter>
    </ClCompile>
    <ClCompile Include="Exercises\Basic-lighting\Ex12\stb_image.cpp">
      <Filter>Source Files</Filter>
    </ClCompile>
    <ClCompile Include="Exercises\Basic-lighting\Ex4\glad.c">
      <Filter>Source Files</Filter>
    </ClCompile>
    <ClCompile Include="Exercises\Basic-lighting\Ex4\Main.cpp">
      <Filter>Source Files</Filter>
    </ClCompile>
    <ClCompile Include="Exercises\Basic-lighting\Ex4\stb_image.cpp">
      <Filter>Source Files</Filter>
    </ClCompile>
    <ClCompile Include="glad.c">
      <Filter>Source Files</Filter>
    </ClCompile>
    <ClCompile Include="Main.cpp">
      <Filter>Source Files</Filter>
    </ClCompile>
    <ClCompile Include="stb_image.cpp">
      <Filter>Source Files</Filter>
    </ClCompile>
    <ClCompile Include="Exercises\Materials\Ex1\glad.c">
      <Filter>Source Files</Filter>
    </ClCompile>
    <ClCompile Include="Exercises\Materials\Ex1\Main.cpp">
      <Filter>Source Files</Filter>
    </ClCompile>
    <ClCompile Include="Exercises\Materials\Ex1\stb_image.cpp">
      <Filter>Source Files</Filter>
    </ClCompile>
    <ClCompile Include="Exercises\Materials\Ex2\glad.c">
      <Filter>Source Files</Filter>
    </ClCompile>
    <ClCompile Include="Exercises\Materials\Ex2\Main.cpp">
      <Filter>Source Files</Filter>
    </ClCompile>
    <ClCompile Include="Exercises\Materials\Ex2\stb_image.cpp">
      <Filter>Source Files</Filter>
    </ClCompile>
    <ClCompile Include="Exercises\Lighting-maps\Ex12\glad.c">
      <Filter>Source Files</Filter>
    </ClCompile>
    <ClCompile Include="Exercises\Lighting-maps\Ex12\Main.cpp">
      <Filter>Source Files</Filter>
    </ClCompile>
    <ClCompile Include="Exercises\Lighting-maps\Ex12\stb_image.cpp">
      <Filter>Source Files</Filter>
    </ClCompile>
  </ItemGroup>
  <ItemGroup>
    <None Include="Exercises\Shaders\shader.fs">
      <Filter>Source Files\Exercises\Shaders</Filter>
    </None>
    <None Include="Exercises\Shaders\shader.vs">
      <Filter>Source Files\Exercises\Shaders</Filter>
    </None>
    <None Include="Exercises\Textures\Ex12\shader.fs" />
    <None Include="Exercises\Textures\Ex12\shader.vs" />
    <None Include="Exercises\Textures\Ex3\shader.fs" />
    <None Include="Exercises\Textures\Ex3\shader.vs" />
    <None Include="Exercises\Textures\Ex4\shader.fs" />
    <None Include="Exercises\Textures\Ex4\shader.vs" />
    <None Include="Exercises\Transformations\Ex1\shader.fs" />
    <None Include="Exercises\Transformations\Ex1\shader.vs" />
    <None Include="Exercises\Transformations\Ex2\shader.fs" />
    <None Include="Exercises\Transformations\Ex2\shader.vs" />
    <None Include="Exercises\Coordinate-Systems\shader.fs" />
    <None Include="Exercises\Coordinate-Systems\shader.vs" />
    <None Include="Exercises\Camera\Ex1\shader.fs" />
    <None Include="Exercises\Camera\Ex1\shader.vs" />
    <None Include="Exercises\Camera\Ex2\shader.fs" />
    <None Include="Exercises\Camera\Ex2\shader.vs" />
    <None Include="Exercises\Basic-lighting\Ex12\lightingCubeShader.fs" />
    <None Include="Exercises\Basic-lighting\Ex12\lightingCubeShader.vs" />
    <None Include="Exercises\Basic-lighting\Ex12\lightingShader.fs" />
    <None Include="Exercises\Basic-lighting\Ex12\lightingShader.vs" />
    <None Include="Exercises\Basic-lighting\Ex4\lightingCubeShader.fs" />
    <None Include="Exercises\Basic-lighting\Ex4\lightingCubeShader.vs" />
    <None Include="Exercises\Basic-lighting\Ex4\lightingShader.fs" />
    <None Include="Exercises\Basic-lighting\Ex4\lightingShader.vs" />
    <None Include="Exercises\Basic-lighting\Ex3\lightingShader.fs" />
    <None Include="Exercises\Basic-lighting\Ex3\lightingShader.vs" />
    <None Include="lightingCubeShader.fs" />
    <None Include="lightingCubeShader.vs" />
    <None Include="lightingShader.fs" />
    <None Include="lightingShader.vs" />
    <None Include="Exercises\Materials\Ex1\lightingCubeShader.fs" />
    <None Include="Exercises\Materials\Ex1\lightingCubeShader.vs" />
    <None Include="Exercises\Materials\Ex1\lightingShader.fs" />
    <None Include="Exercises\Materials\Ex1\lightingShader.vs" />
    <None Include="Exercises\Materials\Ex2\lightingCubeShader.fs" />
    <None Include="Exercises\Materials\Ex2\lightingCubeShader.vs" />
    <None Include="Exercises\Materials\Ex2\lightingShader.fs" />
    <None Include="Exercises\Materials\Ex2\lightingShader.vs" />
    <None Include="Exercises\Lighting-maps\Ex12\lightingCubeShader.fs" />
    <None Include="Exercises\Lighting-maps\Ex12\lightingCubeShader.vs" />
    <None Include="Exercises\Lighting-maps\Ex12\lightingShader.fs" />
    <None Include="Exercises\Lighting-maps\Ex12\lightingShader.vs" />
  </ItemGroup>
  <ItemGroup>
    <ClInclude Include="Exercises\Shaders\Shader.h">
      <Filter>Source Files\Exercises\Shaders</Filter>
    </ClInclude>
    <ClInclude Include="Exercises\Textures\Ex12\Shader.h">
      <Filter>Header Files</Filter>
    </ClInclude>
    <ClInclude Include="Exercises\Textures\Ex12\stb_image.h">
      <Filter>Header Files</Filter>
    </ClInclude>
    <ClInclude Include="Exercises\Textures\Ex3\Shader.h">
      <Filter>Header Files</Filter>
    </ClInclude>
    <ClInclude Include="Exercises\Textures\Ex3\stb_image.h">
      <Filter>Header Files</Filter>
    </ClInclude>
    <ClInclude Include="Exercises\Textures\Ex4\Shader.h">
      <Filter>Header Files</Filter>
    </ClInclude>
    <ClInclude Include="Exercises\Textures\Ex4\stb_image.h">
      <Filter>Header Files</Filter>
    </ClInclude>
    <ClInclude Include="Exercises\Transformations\Ex1\Shader.h">
      <Filter>Header Files</Filter>
    </ClInclude>
    <ClInclude Include="Exercises\Transformations\Ex1\stb_image.h">
      <Filter>Header Files</Filter>
    </ClInclude>
    <ClInclude Include="Exercises\Transformations\Ex2\stb_image.h">
      <Filter>Header Files</Filter>
    </ClInclude>
    <ClInclude Include="Exercises\Transformations\Ex2\Shader.h">
      <Filter>Header Files</Filter>
    </ClInclude>
    <ClInclude Include="Exercises\Coordinate-Systems\Shader.h">
      <Filter>Header Files</Filter>
    </ClInclude>
    <ClInclude Include="Exercises\Coordinate-Systems\stb_image.h">
      <Filter>Header Files</Filter>
    </ClInclude>
    <ClInclude Include="Exercises\Camera\Ex1\camera.h">
      <Filter>Header Files</Filter>
    </ClInclude>
    <ClInclude Include="Exercises\Camera\Ex1\Shader.h">
      <Filter>Header Files</Filter>
    </ClInclude>
    <ClInclude Include="Exercises\Camera\Ex1\stb_image.h">
      <Filter>Header Files</Filter>
    </ClInclude>
    <ClInclude Include="Exercises\Camera\Ex2\camera.h">
      <Filter>Header Files</Filter>
    </ClInclude>
    <ClInclude Include="Exercises\Camera\Ex2\Shader.h">
      <Filter>Header Files</Filter>
    </ClInclude>
    <ClInclude Include="Exercises\Camera\Ex2\stb_image.h">
      <Filter>Header Files</Filter>
    </ClInclude>
    <ClInclude Include="Exercises\Basic-lighting\Ex12\stb_image.h">
      <Filter>Header Files</Filter>
    </ClInclude>
    <ClInclude Include="Exercises\Basic-lighting\Ex12\camera.h">
      <Filter>Header Files</Filter>
    </ClInclude>
    <ClInclude Include="Exercises\Basic-lighting\Ex12\Shader.h">
      <Filter>Header Files</Filter>
    </ClInclude>
    <ClInclude Include="Exercises\Basic-lighting\Ex4\camera.h">
      <Filter>Header Files</Filter>
    </ClInclude>
    <ClInclude Include="Exercises\Basic-lighting\Ex4\Shader.h">
      <Filter>Header Files</Filter>
    </ClInclude>
    <ClInclude Include="Exercises\Basic-lighting\Ex4\stb_image.h">
      <Filter>Header Files</Filter>
    </ClInclude>
    <ClInclude Include="Exercises\Basic-lighting\Ex3\Shader.h">
      <Filter>Header Files</Filter>
    </ClInclude>
    <ClInclude Include="camera.h">
      <Filter>Header Files</Filter>
    </ClInclude>
    <ClInclude Include="Shader.h">
      <Filter>Header Files</Filter>
    </ClInclude>
    <ClInclude Include="stb_image.h">
      <Filter>Header Files</Filter>
    </ClInclude>
    <ClInclude Include="Exercises\Materials\Ex1\camera.h">
      <Filter>Header Files</Filter>
    </ClInclude>
    <ClInclude Include="Exercises\Materials\Ex1\Shader.h">
      <Filter>Header Files</Filter>
    </ClInclude>
    <ClInclude Include="Exercises\Materials\Ex1\stb_image.h">
      <Filter>Header Files</Filter>
    </ClInclude>
    <ClInclude Include="Exercises\Materials\Ex2\camera.h">
      <Filter>Header Files</Filter>
    </ClInclude>
    <ClInclude Include="Exercises\Materials\Ex2\Shader.h">
      <Filter>Header Files</Filter>
    </ClInclude>
    <ClInclude Include="Exercises\Materials\Ex2\stb_image.h">
      <Filter>Header Files</Filter>
    </ClInclude>
    <ClInclude Include="Exercises\Lighting-maps\Ex12\camera.h">
      <Filter>Header Files</Filter>
    </ClInclude>
    <ClInclude Include="Exercises\Lighting-maps\Ex12\Shader.h">
      <Filter>Header Files</Filter>
    </ClInclude>
    <ClInclude Include="Exercises\Lighting-maps\Ex12\stb_image.h">
      <Filter>Header Files</Filter>
    </ClInclude>
  </ItemGroup>
  <ItemGroup>
    <Image Include="Exercises\Textures\Ex12\awesomeface.png">
      <Filter>Resource Files</Filter>
    </Image>
    <Image Include="Exercises\Textures\Ex12\container.jpg">
      <Filter>Resource Files</Filter>
    </Image>
    <Image Include="Exercises\Textures\Ex3\awesomeface.png">
      <Filter>Resource Files</Filter>
    </Image>
    <Image Include="Exercises\Textures\Ex3\container.jpg">
      <Filter>Resource Files</Filter>
    </Image>
    <Image Include="Exercises\Textures\Ex4\awesomeface.png">
      <Filter>Resource Files</Filter>
    </Image>
    <Image Include="Exercises\Textures\Ex4\container.jpg">
      <Filter>Resource Files</Filter>
    </Image>
    <Image Include="Exercises\Transformations\Ex1\awesomeface.png">
      <Filter>Resource Files</Filter>
    </Image>
    <Image Include="Exercises\Transformations\Ex1\container.jpg">
      <Filter>Resource Files</Filter>
    </Image>
    <Image Include="Exercises\Transformations\Ex2\awesomeface.png">
      <Filter>Resource Files</Filter>
    </Image>
    <Image Include="Exercises\Transformations\Ex2\container.jpg">
      <Filter>Resource Files</Filter>
    </Image>
    <Image Include="Exercises\Coordinate-Systems\awesomeface.png">
      <Filter>Resource Files</Filter>
    </Image>
    <Image Include="Exercises\Coordinate-Systems\container.jpg">
      <Filter>Resource Files</Filter>
    </Image>
    <Image Include="Exercises\Camera\Ex1\awesomeface.png">
      <Filter>Resource Files</Filter>
    </Image>
    <Image Include="Exercises\Camera\Ex1\container.jpg">
      <Filter>Resource Files</Filter>
    </Image>
    <Image Include="Exercises\Camera\Ex2\awesomeface.png">
      <Filter>Resource Files</Filter>
    </Image>
    <Image Include="Exercises\Camera\Ex2\container.jpg">
      <Filter>Resource Files</Filter>
    </Image>
    <Image Include="container2.png">
      <Filter>Resource Files</Filter>
    </Image>
    <Image Include="container2_specular.png">
      <Filter>Resource Files</Filter>
    </Image>
    <Image Include="Exercises\Lighting-maps\Ex12\container2.png">
      <Filter>Resource Files</Filter>
    </Image>
    <Image Include="Exercises\Lighting-maps\Ex12\container2_specular.png">
      <Filter>Resource Files</Filter>
    </Image>
    <Image Include="lighting_maps_specular_color.png">
      <Filter>Resource Files</Filter>
    </Image>
    <Image Include="matrix.jpg">
      <Filter>Resource Files</Filter>
    </Image>
  </ItemGroup>
</Project>